
Microsoft Visual Studio Solution File, Format Version 12.00
# Visual Studio 2012
Project("{FAE04EC0-301F-11D3-BF4B-00C04F79EFBC}") = "CGtk", "CGtk\CGtk.csproj", "{34745044-C3A9-41CD-9D1A-F812DC9374AB}"
EndProject
Global
	GlobalSection(SolutionConfigurationPlatforms) = preSolution
		Debug|x86 = Debug|x86
		Release|x86 = Release|x86
	EndGlobalSection
	GlobalSection(ProjectConfigurationPlatforms) = postSolution
		{34745044-C3A9-41CD-9D1A-F812DC9374AB}.Debug|x86.ActiveCfg = Debug|x86
		{34745044-C3A9-41CD-9D1A-F812DC9374AB}.Debug|x86.Build.0 = Debug|x86
		{34745044-C3A9-41CD-9D1A-F812DC9374AB}.Release|x86.ActiveCfg = Release|x86
		{34745044-C3A9-41CD-9D1A-F812DC9374AB}.Release|x86.Build.0 = Release|x86
	EndGlobalSection
EndGlobal
